# This file is generated by running "yarn install" inside your project.
# Manual changes might be lost - proceed with caution!

__metadata:
  version: 5

"monitor-obsessive@workspace:.":
  version: 0.0.0-use.local
  resolution: "monitor-obsessive@workspace:."
  languageName: unknown
  linkType: soft
