# This file is generated by running "yarn install" inside your project.
# Manual changes might be lost - proceed with caution!

__metadata:
  version: 5
  cacheKey: 8

"monitor-obsessive@workspace:.":
  version: 0.0.0-use.local
  resolution: "monitor-obsessive@workspace:."
  dependencies:
    typescript: 4.6.1-rc
  languageName: unknown
  linkType: soft

"typescript@npm:4.6.1-rc":
  version: 4.6.1-rc
  resolution: "typescript@npm:4.6.1-rc"
  bin:
    tsc: bin/tsc
    tsserver: bin/tsserver
  checksum: d456efbc299b3569e049b4cefb92c920b9b631d88f3e85ea9326ee185cb872de98fb02e4ad9e998ae12491e9d5025ee4a85f45f6fe938709cabae9d419c6108b
  languageName: node
  linkType: hard

"typescript@patch:typescript@4.6.1-rc#~builtin<compat/typescript>":
  version: 4.6.1-rc
  resolution: "typescript@patch:typescript@npm%3A4.6.1-rc#~builtin<compat/typescript>::version=4.6.1-rc&hash=493e53"
  bin:
    tsc: bin/tsc
    tsserver: bin/tsserver
  checksum: 27bc11254482fa74b50a2a9d4c8114ecbaf02b129ac523de49703dec4efe61831ab8235f5a412fbc8c14d51f2d1c4d7313216ab40e47bfb2524bad6e70bf2243
  languageName: node
  linkType: hard
